// !$*UTF8*$!
{
	archiveVersion = 1;
	classes = {
	};
	objectVersion = 50;
	objects = {

/* Begin PBXBuildFile section */
		A388F4702324F087009EB5D3 /* MapLocation.swift in Sources */ = {isa = PBXBuildFile; fileRef = A388F46F2324F087009EB5D3 /* MapLocation.swift */; };
		A388F4732324F0C7009EB5D3 /* MapLocationService.swift in Sources */ = {isa = PBXBuildFile; fileRef = A388F4722324F0C7009EB5D3 /* MapLocationService.swift */; };
		A388F4782324F1F3009EB5D3 /* MainMapPresenter.swift in Sources */ = {isa = PBXBuildFile; fileRef = A388F4772324F1F3009EB5D3 /* MainMapPresenter.swift */; };
		A388F47A2324F263009EB5D3 /* MainMapViewData.swift in Sources */ = {isa = PBXBuildFile; fileRef = A388F4792324F263009EB5D3 /* MainMapViewData.swift */; };
		A388F47C2324F2A3009EB5D3 /* MainMapViewProtocol.swift in Sources */ = {isa = PBXBuildFile; fileRef = A388F47B2324F2A3009EB5D3 /* MainMapViewProtocol.swift */; };
		A388F47E2324F35C009EB5D3 /* MainMapViewController+ViewProtocol.swift in Sources */ = {isa = PBXBuildFile; fileRef = A388F47D2324F35C009EB5D3 /* MainMapViewController+ViewProtocol.swift */; };
		A388F4862324F510009EB5D3 /* StopoverLocation.swift in Sources */ = {isa = PBXBuildFile; fileRef = A388F4852324F510009EB5D3 /* StopoverLocation.swift */; };
		A388F4882324F562009EB5D3 /* StopoverLocationService.swift in Sources */ = {isa = PBXBuildFile; fileRef = A388F4872324F562009EB5D3 /* StopoverLocationService.swift */; };
		A388F48A2324F5A2009EB5D3 /* StopoverMapViewController.swift in Sources */ = {isa = PBXBuildFile; fileRef = A388F4892324F5A2009EB5D3 /* StopoverMapViewController.swift */; };
		A388F48C2324F5E1009EB5D3 /* StopoverMapViewController+ViewProtocol.swift in Sources */ = {isa = PBXBuildFile; fileRef = A388F48B2324F5E1009EB5D3 /* StopoverMapViewController+ViewProtocol.swift */; };
		A388F48E2324F5FD009EB5D3 /* StopoverMapViewData.swift in Sources */ = {isa = PBXBuildFile; fileRef = A388F48D2324F5FD009EB5D3 /* StopoverMapViewData.swift */; };
		A388F4902324F60D009EB5D3 /* StopoverMapViewProtocol.swift in Sources */ = {isa = PBXBuildFile; fileRef = A388F48F2324F60D009EB5D3 /* StopoverMapViewProtocol.swift */; };
		A388F4922324F652009EB5D3 /* StopoverMapPresenter.swift in Sources */ = {isa = PBXBuildFile; fileRef = A388F4912324F651009EB5D3 /* StopoverMapPresenter.swift */; };
		A3C5E7A322E1F1C60098F520 /* AppDelegate.swift in Sources */ = {isa = PBXBuildFile; fileRef = A3C5E7A222E1F1C60098F520 /* AppDelegate.swift */; };
		A3C5E7A522E1F1C60098F520 /* MainMapViewController.swift in Sources */ = {isa = PBXBuildFile; fileRef = A3C5E7A422E1F1C60098F520 /* MainMapViewController.swift */; };
		A3C5E7A822E1F1C60098F520 /* Main.storyboard in Resources */ = {isa = PBXBuildFile; fileRef = A3C5E7A622E1F1C60098F520 /* Main.storyboard */; };
		A3C5E7AA22E1F1C90098F520 /* Assets.xcassets in Resources */ = {isa = PBXBuildFile; fileRef = A3C5E7A922E1F1C90098F520 /* Assets.xcassets */; };
		A3C5E7AD22E1F1C90098F520 /* LaunchScreen.storyboard in Resources */ = {isa = PBXBuildFile; fileRef = A3C5E7AB22E1F1C90098F520 /* LaunchScreen.storyboard */; };
		A3C5E7B622E1F43D0098F520 /* .swiftlint.yml in Resources */ = {isa = PBXBuildFile; fileRef = A3C5E7B522E1F43D0098F520 /* .swiftlint.yml */; };
		AFB968C1EAF9538373834F09 /* Pods_bike_ios.framework in Frameworks */ = {isa = PBXBuildFile; fileRef = CE5C974631B6895E5B70E1E9 /* Pods_bike_ios.framework */; };
/* End PBXBuildFile section */

/* Begin PBXFileReference section */
		A388F46F2324F087009EB5D3 /* MapLocation.swift */ = {isa = PBXFileReference; lastKnownFileType = sourcecode.swift; path = MapLocation.swift; sourceTree = "<group>"; };
		A388F4722324F0C7009EB5D3 /* MapLocationService.swift */ = {isa = PBXFileReference; lastKnownFileType = sourcecode.swift; path = MapLocationService.swift; sourceTree = "<group>"; };
		A388F4772324F1F3009EB5D3 /* MainMapPresenter.swift */ = {isa = PBXFileReference; lastKnownFileType = sourcecode.swift; path = MainMapPresenter.swift; sourceTree = "<group>"; };
		A388F4792324F263009EB5D3 /* MainMapViewData.swift */ = {isa = PBXFileReference; lastKnownFileType = sourcecode.swift; path = MainMapViewData.swift; sourceTree = "<group>"; };
		A388F47B2324F2A3009EB5D3 /* MainMapViewProtocol.swift */ = {isa = PBXFileReference; lastKnownFileType = sourcecode.swift; path = MainMapViewProtocol.swift; sourceTree = "<group>"; };
		A388F47D2324F35C009EB5D3 /* MainMapViewController+ViewProtocol.swift */ = {isa = PBXFileReference; lastKnownFileType = sourcecode.swift; path = "MainMapViewController+ViewProtocol.swift"; sourceTree = "<group>"; };
		A388F4852324F510009EB5D3 /* StopoverLocation.swift */ = {isa = PBXFileReference; lastKnownFileType = sourcecode.swift; path = StopoverLocation.swift; sourceTree = "<group>"; };
		A388F4872324F562009EB5D3 /* StopoverLocationService.swift */ = {isa = PBXFileReference; lastKnownFileType = sourcecode.swift; path = StopoverLocationService.swift; sourceTree = "<group>"; };
		A388F4892324F5A2009EB5D3 /* StopoverMapViewController.swift */ = {isa = PBXFileReference; lastKnownFileType = sourcecode.swift; path = StopoverMapViewController.swift; sourceTree = "<group>"; };
		A388F48B2324F5E1009EB5D3 /* StopoverMapViewController+ViewProtocol.swift */ = {isa = PBXFileReference; lastKnownFileType = sourcecode.swift; path = "StopoverMapViewController+ViewProtocol.swift"; sourceTree = "<group>"; };
		A388F48D2324F5FD009EB5D3 /* StopoverMapViewData.swift */ = {isa = PBXFileReference; lastKnownFileType = sourcecode.swift; path = StopoverMapViewData.swift; sourceTree = "<group>"; };
		A388F48F2324F60D009EB5D3 /* StopoverMapViewProtocol.swift */ = {isa = PBXFileReference; lastKnownFileType = sourcecode.swift; path = StopoverMapViewProtocol.swift; sourceTree = "<group>"; };
		A388F4912324F651009EB5D3 /* StopoverMapPresenter.swift */ = {isa = PBXFileReference; lastKnownFileType = sourcecode.swift; path = StopoverMapPresenter.swift; sourceTree = "<group>"; };
		A3C5E79F22E1F1C60098F520 /* bike-ios.app */ = {isa = PBXFileReference; explicitFileType = wrapper.application; includeInIndex = 0; path = "bike-ios.app"; sourceTree = BUILT_PRODUCTS_DIR; };
		A3C5E7A222E1F1C60098F520 /* AppDelegate.swift */ = {isa = PBXFileReference; lastKnownFileType = sourcecode.swift; path = AppDelegate.swift; sourceTree = "<group>"; };
		A3C5E7A422E1F1C60098F520 /* MainMapViewController.swift */ = {isa = PBXFileReference; lastKnownFileType = sourcecode.swift; path = MainMapViewController.swift; sourceTree = "<group>"; };
		A3C5E7A722E1F1C60098F520 /* Base */ = {isa = PBXFileReference; lastKnownFileType = file.storyboard; name = Base; path = Base.lproj/Main.storyboard; sourceTree = "<group>"; };
		A3C5E7A922E1F1C90098F520 /* Assets.xcassets */ = {isa = PBXFileReference; lastKnownFileType = folder.assetcatalog; path = Assets.xcassets; sourceTree = "<group>"; };
		A3C5E7AC22E1F1C90098F520 /* Base */ = {isa = PBXFileReference; lastKnownFileType = file.storyboard; name = Base; path = Base.lproj/LaunchScreen.storyboard; sourceTree = "<group>"; };
		A3C5E7AE22E1F1C90098F520 /* Info.plist */ = {isa = PBXFileReference; lastKnownFileType = text.plist.xml; path = Info.plist; sourceTree = "<group>"; };
		A3C5E7B522E1F43D0098F520 /* .swiftlint.yml */ = {isa = PBXFileReference; lastKnownFileType = text; path = .swiftlint.yml; sourceTree = "<group>"; };
		CE5C974631B6895E5B70E1E9 /* Pods_bike_ios.framework */ = {isa = PBXFileReference; explicitFileType = wrapper.framework; includeInIndex = 0; path = Pods_bike_ios.framework; sourceTree = BUILT_PRODUCTS_DIR; };
		F26A168C9E676A9752F8AD37 /* Pods-bike-ios.debug.xcconfig */ = {isa = PBXFileReference; includeInIndex = 1; lastKnownFileType = text.xcconfig; name = "Pods-bike-ios.debug.xcconfig"; path = "Target Support Files/Pods-bike-ios/Pods-bike-ios.debug.xcconfig"; sourceTree = "<group>"; };
		F732D53F17B031742E0B3D45 /* Pods-bike-ios.release.xcconfig */ = {isa = PBXFileReference; includeInIndex = 1; lastKnownFileType = text.xcconfig; name = "Pods-bike-ios.release.xcconfig"; path = "Target Support Files/Pods-bike-ios/Pods-bike-ios.release.xcconfig"; sourceTree = "<group>"; };
/* End PBXFileReference section */

/* Begin PBXFrameworksBuildPhase section */
		A3C5E79C22E1F1C60098F520 /* Frameworks */ = {
			isa = PBXFrameworksBuildPhase;
			buildActionMask = 2147483647;
			files = (
				AFB968C1EAF9538373834F09 /* Pods_bike_ios.framework in Frameworks */,
			);
			runOnlyForDeploymentPostprocessing = 0;
		};
/* End PBXFrameworksBuildPhase section */

/* Begin PBXGroup section */
		3CB5354EFB63F5C1743D97E3 /* Frameworks */ = {
			isa = PBXGroup;
			children = (
				CE5C974631B6895E5B70E1E9 /* Pods_bike_ios.framework */,
			);
			name = Frameworks;
			sourceTree = "<group>";
		};
		A388F46A2324EF03009EB5D3 /* Main */ = {
			isa = PBXGroup;
			children = (
				A388F4742324F1BD009EB5D3 /* Model */,
				A388F4752324F1C4009EB5D3 /* View */,
				A388F4762324F1CA009EB5D3 /* Presenter */,
			);
			path = Main;
			sourceTree = "<group>";
		};
		A388F46B2324EF09009EB5D3 /* Stopover */ = {
			isa = PBXGroup;
			children = (
				A388F4842324F4DD009EB5D3 /* Model */,
				A388F4832324F4D7009EB5D3 /* View */,
				A388F4822324F4CE009EB5D3 /* Presenter */,
			);
			path = Stopover;
			sourceTree = "<group>";
		};
		A388F46C2324EF0C009EB5D3 /* Setting */ = {
			isa = PBXGroup;
			children = (
			);
			path = Setting;
			sourceTree = "<group>";
		};
		A388F46E2324EF39009EB5D3 /* End */ = {
			isa = PBXGroup;
			children = (
			);
			path = End;
			sourceTree = "<group>";
		};
		A388F4742324F1BD009EB5D3 /* Model */ = {
			isa = PBXGroup;
			children = (
				A388F46F2324F087009EB5D3 /* MapLocation.swift */,
				A388F4722324F0C7009EB5D3 /* MapLocationService.swift */,
			);
			path = Model;
			sourceTree = "<group>";
		};
		A388F4752324F1C4009EB5D3 /* View */ = {
			isa = PBXGroup;
			children = (
				A3C5E7A422E1F1C60098F520 /* MainMapViewController.swift */,
				A388F47D2324F35C009EB5D3 /* MainMapViewController+ViewProtocol.swift */,
			);
			path = View;
			sourceTree = "<group>";
		};
		A388F4762324F1CA009EB5D3 /* Presenter */ = {
			isa = PBXGroup;
			children = (
				A388F4792324F263009EB5D3 /* MainMapViewData.swift */,
				A388F47B2324F2A3009EB5D3 /* MainMapViewProtocol.swift */,
				A388F4772324F1F3009EB5D3 /* MainMapPresenter.swift */,
			);
			path = Presenter;
			sourceTree = "<group>";
		};
		A388F47F2324F3EA009EB5D3 /* Common */ = {
			isa = PBXGroup;
			children = (
			);
			path = Common;
			sourceTree = "<group>";
		};
		A388F4802324F3F7009EB5D3 /* Resource */ = {
			isa = PBXGroup;
			children = (
			);
			path = Resource;
			sourceTree = "<group>";
		};
		A388F4812324F42D009EB5D3 /* Extension */ = {
			isa = PBXGroup;
			children = (
			);
			path = Extension;
			sourceTree = "<group>";
		};
		A388F4822324F4CE009EB5D3 /* Presenter */ = {
			isa = PBXGroup;
			children = (
				A388F48D2324F5FD009EB5D3 /* StopoverMapViewData.swift */,
				A388F48F2324F60D009EB5D3 /* StopoverMapViewProtocol.swift */,
				A388F4912324F651009EB5D3 /* StopoverMapPresenter.swift */,
			);
			path = Presenter;
			sourceTree = "<group>";
		};
		A388F4832324F4D7009EB5D3 /* View */ = {
			isa = PBXGroup;
			children = (
				A388F4892324F5A2009EB5D3 /* StopoverMapViewController.swift */,
				A388F48B2324F5E1009EB5D3 /* StopoverMapViewController+ViewProtocol.swift */,
			);
			path = View;
			sourceTree = "<group>";
		};
		A388F4842324F4DD009EB5D3 /* Model */ = {
			isa = PBXGroup;
			children = (
				A388F4852324F510009EB5D3 /* StopoverLocation.swift */,
				A388F4872324F562009EB5D3 /* StopoverLocationService.swift */,
			);
			path = Model;
			sourceTree = "<group>";
		};
		A3C5E79622E1F1C60098F520 = {
			isa = PBXGroup;
			children = (
				A3C5E7B522E1F43D0098F520 /* .swiftlint.yml */,
				A3C5E7A122E1F1C60098F520 /* bike-ios */,
				A3C5E7A022E1F1C60098F520 /* Products */,
				F2F40D34B62A57E6B5CE1CDC /* Pods */,
				3CB5354EFB63F5C1743D97E3 /* Frameworks */,
			);
			sourceTree = "<group>";
		};
		A3C5E7A022E1F1C60098F520 /* Products */ = {
			isa = PBXGroup;
			children = (
				A3C5E79F22E1F1C60098F520 /* bike-ios.app */,
			);
			name = Products;
			sourceTree = "<group>";
		};
		A3C5E7A122E1F1C60098F520 /* bike-ios */ = {
			isa = PBXGroup;
			children = (
				A3C5E7A222E1F1C60098F520 /* AppDelegate.swift */,
				A3C5E7A622E1F1C60098F520 /* Main.storyboard */,
				A3C5E7A922E1F1C90098F520 /* Assets.xcassets */,
				A3C5E7AB22E1F1C90098F520 /* LaunchScreen.storyboard */,
				A3C5E7AE22E1F1C90098F520 /* Info.plist */,
				A388F47F2324F3EA009EB5D3 /* Common */,
				A388F4812324F42D009EB5D3 /* Extension */,
				A388F4802324F3F7009EB5D3 /* Resource */,
				A388F46A2324EF03009EB5D3 /* Main */,
				A388F46B2324EF09009EB5D3 /* Stopover */,
				A388F46E2324EF39009EB5D3 /* End */,
				A388F46C2324EF0C009EB5D3 /* Setting */,
			);
			path = "bike-ios";
			sourceTree = "<group>";
		};
		F2F40D34B62A57E6B5CE1CDC /* Pods */ = {
			isa = PBXGroup;
			children = (
				F26A168C9E676A9752F8AD37 /* Pods-bike-ios.debug.xcconfig */,
				F732D53F17B031742E0B3D45 /* Pods-bike-ios.release.xcconfig */,
			);
			path = Pods;
			sourceTree = "<group>";
		};
/* End PBXGroup section */

/* Begin PBXNativeTarget section */
		A3C5E79E22E1F1C60098F520 /* bike-ios */ = {
			isa = PBXNativeTarget;
			buildConfigurationList = A3C5E7B122E1F1C90098F520 /* Build configuration list for PBXNativeTarget "bike-ios" */;
			buildPhases = (
				FB7BA131BB19A066018048BB /* [CP] Check Pods Manifest.lock */,
				A3C5E79B22E1F1C60098F520 /* Sources */,
				A3C5E79C22E1F1C60098F520 /* Frameworks */,
				A3C5E79D22E1F1C60098F520 /* Resources */,
				A3C5E7B422E1F3E80098F520 /* ShellScript */,
			);
			buildRules = (
			);
			dependencies = (
			);
			name = "bike-ios";
			productName = "bike-ios";
			productReference = A3C5E79F22E1F1C60098F520 /* bike-ios.app */;
			productType = "com.apple.product-type.application";
		};
/* End PBXNativeTarget section */

/* Begin PBXProject section */
		A3C5E79722E1F1C60098F520 /* Project object */ = {
			isa = PBXProject;
			attributes = {
				LastSwiftUpdateCheck = 1020;
				LastUpgradeCheck = 1020;
				ORGANIZATIONNAME = gitturami;
				TargetAttributes = {
					A3C5E79E22E1F1C60098F520 = {
						CreatedOnToolsVersion = 10.2.1;
					};
				};
			};
			buildConfigurationList = A3C5E79A22E1F1C60098F520 /* Build configuration list for PBXProject "bike-ios" */;
			compatibilityVersion = "Xcode 9.3";
			developmentRegion = en;
			hasScannedForEncodings = 0;
			knownRegions = (
				en,
				Base,
			);
			mainGroup = A3C5E79622E1F1C60098F520;
			productRefGroup = A3C5E7A022E1F1C60098F520 /* Products */;
			projectDirPath = "";
			projectRoot = "";
			targets = (
				A3C5E79E22E1F1C60098F520 /* bike-ios */,
			);
		};
/* End PBXProject section */

/* Begin PBXResourcesBuildPhase section */
		A3C5E79D22E1F1C60098F520 /* Resources */ = {
			isa = PBXResourcesBuildPhase;
			buildActionMask = 2147483647;
			files = (
				A3C5E7B622E1F43D0098F520 /* .swiftlint.yml in Resources */,
				A3C5E7AD22E1F1C90098F520 /* LaunchScreen.storyboard in Resources */,
				A3C5E7AA22E1F1C90098F520 /* Assets.xcassets in Resources */,
				A3C5E7A822E1F1C60098F520 /* Main.storyboard in Resources */,
			);
			runOnlyForDeploymentPostprocessing = 0;
		};
/* End PBXResourcesBuildPhase section */

/* Begin PBXShellScriptBuildPhase section */
		A3C5E7B422E1F3E80098F520 /* ShellScript */ = {
			isa = PBXShellScriptBuildPhase;
			buildActionMask = 2147483647;
			files = (
			);
			inputFileListPaths = (
			);
			inputPaths = (
			);
			outputFileListPaths = (
			);
			outputPaths = (
			);
			runOnlyForDeploymentPostprocessing = 0;
			shellPath = /bin/sh;
			shellScript = "# Type a script or drag a script file from your workspace to insert its path.\n\n${PODS_ROOT}/SwiftLint/swiftlint autocorrect\n";
		};
		FB7BA131BB19A066018048BB /* [CP] Check Pods Manifest.lock */ = {
			isa = PBXShellScriptBuildPhase;
			buildActionMask = 2147483647;
			files = (
			);
			inputFileListPaths = (
			);
			inputPaths = (
				"${PODS_PODFILE_DIR_PATH}/Podfile.lock",
				"${PODS_ROOT}/Manifest.lock",
			);
			name = "[CP] Check Pods Manifest.lock";
			outputFileListPaths = (
			);
			outputPaths = (
				"$(DERIVED_FILE_DIR)/Pods-bike-ios-checkManifestLockResult.txt",
			);
			runOnlyForDeploymentPostprocessing = 0;
			shellPath = /bin/sh;
			shellScript = "diff \"${PODS_PODFILE_DIR_PATH}/Podfile.lock\" \"${PODS_ROOT}/Manifest.lock\" > /dev/null\nif [ $? != 0 ] ; then\n    # print error to STDERR\n    echo \"error: The sandbox is not in sync with the Podfile.lock. Run 'pod install' or update your CocoaPods installation.\" >&2\n    exit 1\nfi\n# This output is used by Xcode 'outputs' to avoid re-running this script phase.\necho \"SUCCESS\" > \"${SCRIPT_OUTPUT_FILE_0}\"\n";
			showEnvVarsInLog = 0;
		};
/* End PBXShellScriptBuildPhase section */

/* Begin PBXSourcesBuildPhase section */
		A3C5E79B22E1F1C60098F520 /* Sources */ = {
			isa = PBXSourcesBuildPhase;
			buildActionMask = 2147483647;
			files = (
				A3C5E7A522E1F1C60098F520 /* MainMapViewController.swift in Sources */,
				A388F4702324F087009EB5D3 /* MapLocation.swift in Sources */,
				A388F48C2324F5E1009EB5D3 /* StopoverMapViewController+ViewProtocol.swift in Sources */,
				A388F48A2324F5A2009EB5D3 /* StopoverMapViewController.swift in Sources */,
				A388F47A2324F263009EB5D3 /* MainMapViewData.swift in Sources */,
				A388F4732324F0C7009EB5D3 /* MapLocationService.swift in Sources */,
				A3C5E7A322E1F1C60098F520 /* AppDelegate.swift in Sources */,
				A388F48E2324F5FD009EB5D3 /* StopoverMapViewData.swift in Sources */,
				A388F4902324F60D009EB5D3 /* StopoverMapViewProtocol.swift in Sources */,
				A388F4862324F510009EB5D3 /* StopoverLocation.swift in Sources */,
				A388F4882324F562009EB5D3 /* StopoverLocationService.swift in Sources */,
				A388F4922324F652009EB5D3 /* StopoverMapPresenter.swift in Sources */,
				A388F47E2324F35C009EB5D3 /* MainMapViewController+ViewProtocol.swift in Sources */,
				A388F47C2324F2A3009EB5D3 /* MainMapViewProtocol.swift in Sources */,
				A388F4782324F1F3009EB5D3 /* MainMapPresenter.swift in Sources */,
			);
			runOnlyForDeploymentPostprocessing = 0;
		};
/* End PBXSourcesBuildPhase section */

/* Begin PBXVariantGroup section */
		A3C5E7A622E1F1C60098F520 /* Main.storyboard */ = {
			isa = PBXVariantGroup;
			children = (
				A3C5E7A722E1F1C60098F520 /* Base */,
			);
			name = Main.storyboard;
			sourceTree = "<group>";
		};
		A3C5E7AB22E1F1C90098F520 /* LaunchScreen.storyboard */ = {
			isa = PBXVariantGroup;
			children = (
				A3C5E7AC22E1F1C90098F520 /* Base */,
			);
			name = LaunchScreen.storyboard;
			sourceTree = "<group>";
		};
/* End PBXVariantGroup section */

/* Begin XCBuildConfiguration section */
		A3C5E7AF22E1F1C90098F520 /* Debug */ = {
			isa = XCBuildConfiguration;
			buildSettings = {
				ALWAYS_SEARCH_USER_PATHS = NO;
				CLANG_ANALYZER_NONNULL = YES;
				CLANG_ANALYZER_NUMBER_OBJECT_CONVERSION = YES_AGGRESSIVE;
				CLANG_CXX_LANGUAGE_STANDARD = "gnu++14";
				CLANG_CXX_LIBRARY = "libc++";
				CLANG_ENABLE_MODULES = YES;
				CLANG_ENABLE_OBJC_ARC = YES;
				CLANG_ENABLE_OBJC_WEAK = YES;
				CLANG_WARN_BLOCK_CAPTURE_AUTORELEASING = YES;
				CLANG_WARN_BOOL_CONVERSION = YES;
				CLANG_WARN_COMMA = YES;
				CLANG_WARN_CONSTANT_CONVERSION = YES;
				CLANG_WARN_DEPRECATED_OBJC_IMPLEMENTATIONS = YES;
				CLANG_WARN_DIRECT_OBJC_ISA_USAGE = YES_ERROR;
				CLANG_WARN_DOCUMENTATION_COMMENTS = YES;
				CLANG_WARN_EMPTY_BODY = YES;
				CLANG_WARN_ENUM_CONVERSION = YES;
				CLANG_WARN_INFINITE_RECURSION = YES;
				CLANG_WARN_INT_CONVERSION = YES;
				CLANG_WARN_NON_LITERAL_NULL_CONVERSION = YES;
				CLANG_WARN_OBJC_IMPLICIT_RETAIN_SELF = YES;
				CLANG_WARN_OBJC_LITERAL_CONVERSION = YES;
				CLANG_WARN_OBJC_ROOT_CLASS = YES_ERROR;
				CLANG_WARN_RANGE_LOOP_ANALYSIS = YES;
				CLANG_WARN_STRICT_PROTOTYPES = YES;
				CLANG_WARN_SUSPICIOUS_MOVE = YES;
				CLANG_WARN_UNGUARDED_AVAILABILITY = YES_AGGRESSIVE;
				CLANG_WARN_UNREACHABLE_CODE = YES;
				CLANG_WARN__DUPLICATE_METHOD_MATCH = YES;
				CODE_SIGN_IDENTITY = "iPhone Developer";
				COPY_PHASE_STRIP = NO;
				DEBUG_INFORMATION_FORMAT = dwarf;
				ENABLE_STRICT_OBJC_MSGSEND = YES;
				ENABLE_TESTABILITY = YES;
				GCC_C_LANGUAGE_STANDARD = gnu11;
				GCC_DYNAMIC_NO_PIC = NO;
				GCC_NO_COMMON_BLOCKS = YES;
				GCC_OPTIMIZATION_LEVEL = 0;
				GCC_PREPROCESSOR_DEFINITIONS = (
					"DEBUG=1",
					"$(inherited)",
				);
				GCC_WARN_64_TO_32_BIT_CONVERSION = YES;
				GCC_WARN_ABOUT_RETURN_TYPE = YES_ERROR;
				GCC_WARN_UNDECLARED_SELECTOR = YES;
				GCC_WARN_UNINITIALIZED_AUTOS = YES_AGGRESSIVE;
				GCC_WARN_UNUSED_FUNCTION = YES;
				GCC_WARN_UNUSED_VARIABLE = YES;
				IPHONEOS_DEPLOYMENT_TARGET = 12.2;
				MTL_ENABLE_DEBUG_INFO = INCLUDE_SOURCE;
				MTL_FAST_MATH = YES;
				ONLY_ACTIVE_ARCH = YES;
				SDKROOT = iphoneos;
				SWIFT_ACTIVE_COMPILATION_CONDITIONS = DEBUG;
				SWIFT_OPTIMIZATION_LEVEL = "-Onone";
			};
			name = Debug;
		};
		A3C5E7B022E1F1C90098F520 /* Release */ = {
			isa = XCBuildConfiguration;
			buildSettings = {
				ALWAYS_SEARCH_USER_PATHS = NO;
				CLANG_ANALYZER_NONNULL = YES;
				CLANG_ANALYZER_NUMBER_OBJECT_CONVERSION = YES_AGGRESSIVE;
				CLANG_CXX_LANGUAGE_STANDARD = "gnu++14";
				CLANG_CXX_LIBRARY = "libc++";
				CLANG_ENABLE_MODULES = YES;
				CLANG_ENABLE_OBJC_ARC = YES;
				CLANG_ENABLE_OBJC_WEAK = YES;
				CLANG_WARN_BLOCK_CAPTURE_AUTORELEASING = YES;
				CLANG_WARN_BOOL_CONVERSION = YES;
				CLANG_WARN_COMMA = YES;
				CLANG_WARN_CONSTANT_CONVERSION = YES;
				CLANG_WARN_DEPRECATED_OBJC_IMPLEMENTATIONS = YES;
				CLANG_WARN_DIRECT_OBJC_ISA_USAGE = YES_ERROR;
				CLANG_WARN_DOCUMENTATION_COMMENTS = YES;
				CLANG_WARN_EMPTY_BODY = YES;
				CLANG_WARN_ENUM_CONVERSION = YES;
				CLANG_WARN_INFINITE_RECURSION = YES;
				CLANG_WARN_INT_CONVERSION = YES;
				CLANG_WARN_NON_LITERAL_NULL_CONVERSION = YES;
				CLANG_WARN_OBJC_IMPLICIT_RETAIN_SELF = YES;
				CLANG_WARN_OBJC_LITERAL_CONVERSION = YES;
				CLANG_WARN_OBJC_ROOT_CLASS = YES_ERROR;
				CLANG_WARN_RANGE_LOOP_ANALYSIS = YES;
				CLANG_WARN_STRICT_PROTOTYPES = YES;
				CLANG_WARN_SUSPICIOUS_MOVE = YES;
				CLANG_WARN_UNGUARDED_AVAILABILITY = YES_AGGRESSIVE;
				CLANG_WARN_UNREACHABLE_CODE = YES;
				CLANG_WARN__DUPLICATE_METHOD_MATCH = YES;
				CODE_SIGN_IDENTITY = "iPhone Developer";
				COPY_PHASE_STRIP = NO;
				DEBUG_INFORMATION_FORMAT = "dwarf-with-dsym";
				ENABLE_NS_ASSERTIONS = NO;
				ENABLE_STRICT_OBJC_MSGSEND = YES;
				GCC_C_LANGUAGE_STANDARD = gnu11;
				GCC_NO_COMMON_BLOCKS = YES;
				GCC_WARN_64_TO_32_BIT_CONVERSION = YES;
				GCC_WARN_ABOUT_RETURN_TYPE = YES_ERROR;
				GCC_WARN_UNDECLARED_SELECTOR = YES;
				GCC_WARN_UNINITIALIZED_AUTOS = YES_AGGRESSIVE;
				GCC_WARN_UNUSED_FUNCTION = YES;
				GCC_WARN_UNUSED_VARIABLE = YES;
				IPHONEOS_DEPLOYMENT_TARGET = 12.2;
				MTL_ENABLE_DEBUG_INFO = NO;
				MTL_FAST_MATH = YES;
				SDKROOT = iphoneos;
				SWIFT_COMPILATION_MODE = wholemodule;
				SWIFT_OPTIMIZATION_LEVEL = "-O";
				VALIDATE_PRODUCT = YES;
			};
			name = Release;
		};
		A3C5E7B222E1F1C90098F520 /* Debug */ = {
			isa = XCBuildConfiguration;
			baseConfigurationReference = F26A168C9E676A9752F8AD37 /* Pods-bike-ios.debug.xcconfig */;
			buildSettings = {
				ASSETCATALOG_COMPILER_APPICON_NAME = AppIcon;
				CODE_SIGN_STYLE = Automatic;
				INFOPLIST_FILE = "bike-ios/Info.plist";
				LD_RUNPATH_SEARCH_PATHS = (
					"$(inherited)",
					"@executable_path/Frameworks",
				);
				PRODUCT_BUNDLE_IDENTIFIER = "com.gitturami.bike-ios";
				PRODUCT_NAME = "$(TARGET_NAME)";
				SWIFT_VERSION = 5.0;
				TARGETED_DEVICE_FAMILY = "1,2";
			};
			name = Debug;
		};
		A3C5E7B322E1F1C90098F520 /* Release */ = {
			isa = XCBuildConfiguration;
			baseConfigurationReference = F732D53F17B031742E0B3D45 /* Pods-bike-ios.release.xcconfig */;
			buildSettings = {
				ASSETCATALOG_COMPILER_APPICON_NAME = AppIcon;
				CODE_SIGN_STYLE = Automatic;
				INFOPLIST_FILE = "bike-ios/Info.plist";
				LD_RUNPATH_SEARCH_PATHS = (
					"$(inherited)",
					"@executable_path/Frameworks",
				);
				PRODUCT_BUNDLE_IDENTIFIER = "com.gitturami.bike-ios";
				PRODUCT_NAME = "$(TARGET_NAME)";
				SWIFT_VERSION = 5.0;
				TARGETED_DEVICE_FAMILY = "1,2";
			};
			name = Release;
		};
/* End XCBuildConfiguration section */

/* Begin XCConfigurationList section */
		A3C5E79A22E1F1C60098F520 /* Build configuration list for PBXProject "bike-ios" */ = {
			isa = XCConfigurationList;
			buildConfigurations = (
				A3C5E7AF22E1F1C90098F520 /* Debug */,
				A3C5E7B022E1F1C90098F520 /* Release */,
			);
			defaultConfigurationIsVisible = 0;
			defaultConfigurationName = Release;
		};
		A3C5E7B122E1F1C90098F520 /* Build configuration list for PBXNativeTarget "bike-ios" */ = {
			isa = XCConfigurationList;
			buildConfigurations = (
				A3C5E7B222E1F1C90098F520 /* Debug */,
				A3C5E7B322E1F1C90098F520 /* Release */,
			);
			defaultConfigurationIsVisible = 0;
			defaultConfigurationName = Release;
		};
/* End XCConfigurationList section */
	};
	rootObject = A3C5E79722E1F1C60098F520 /* Project object */;
}
